// !$*UTF8*$!
{
	archiveVersion = 1;
	classes = {
	};
	objectVersion = 50;
	objects = {

/* Begin PBXBuildFile section */
		FBD75C4D241B6F8600A3F553 /* AppDelegate.swift in Sources */ = {isa = PBXBuildFile; fileRef = FBD75C4C241B6F8600A3F553 /* AppDelegate.swift */; };
		FBD75C4F241B6F8600A3F553 /* SceneDelegate.swift in Sources */ = {isa = PBXBuildFile; fileRef = FBD75C4E241B6F8600A3F553 /* SceneDelegate.swift */; };
		FBD75C51241B6F8600A3F553 /* ViewController.swift in Sources */ = {isa = PBXBuildFile; fileRef = FBD75C50241B6F8600A3F553 /* ViewController.swift */; };
		FBD75C54241B6F8600A3F553 /* Main.storyboard in Resources */ = {isa = PBXBuildFile; fileRef = FBD75C52241B6F8600A3F553 /* Main.storyboard */; };
		FBD75C56241B6F8800A3F553 /* Assets.xcassets in Resources */ = {isa = PBXBuildFile; fileRef = FBD75C55241B6F8800A3F553 /* Assets.xcassets */; };
		FBD75C59241B6F8800A3F553 /* LaunchScreen.storyboard in Resources */ = {isa = PBXBuildFile; fileRef = FBD75C57241B6F8800A3F553 /* LaunchScreen.storyboard */; };
		FBD75C64241B6F8800A3F553 /* SwiftCoordinatorTests.swift in Sources */ = {isa = PBXBuildFile; fileRef = FBD75C63241B6F8800A3F553 /* SwiftCoordinatorTests.swift */; };
/* End PBXBuildFile section */

/* Begin PBXContainerItemProxy section */
		FBD75C60241B6F8800A3F553 /* PBXContainerItemProxy */ = {
			isa = PBXContainerItemProxy;
			containerPortal = FBD75C41241B6F8600A3F553 /* Project object */;
			proxyType = 1;
			remoteGlobalIDString = FBD75C48241B6F8600A3F553;
			remoteInfo = SwiftCoordinator;
		};
/* End PBXContainerItemProxy section */

/* Begin PBXFileReference section */
		FBD75C49241B6F8600A3F553 /* SwiftCoordinator.app */ = {isa = PBXFileReference; explicitFileType = wrapper.application; includeInIndex = 0; path = SwiftCoordinator.app; sourceTree = BUILT_PRODUCTS_DIR; };
		FBD75C4C241B6F8600A3F553 /* AppDelegate.swift */ = {isa = PBXFileReference; lastKnownFileType = sourcecode.swift; path = AppDelegate.swift; sourceTree = "<group>"; };
		FBD75C4E241B6F8600A3F553 /* SceneDelegate.swift */ = {isa = PBXFileReference; lastKnownFileType = sourcecode.swift; path = SceneDelegate.swift; sourceTree = "<group>"; };
		FBD75C50241B6F8600A3F553 /* ViewController.swift */ = {isa = PBXFileReference; lastKnownFileType = sourcecode.swift; path = ViewController.swift; sourceTree = "<group>"; };
		FBD75C53241B6F8600A3F553 /* Base */ = {isa = PBXFileReference; lastKnownFileType = file.storyboard; name = Base; path = Base.lproj/Main.storyboard; sourceTree = "<group>"; };
		FBD75C55241B6F8800A3F553 /* Assets.xcassets */ = {isa = PBXFileReference; lastKnownFileType = folder.assetcatalog; path = Assets.xcassets; sourceTree = "<group>"; };
		FBD75C58241B6F8800A3F553 /* Base */ = {isa = PBXFileReference; lastKnownFileType = file.storyboard; name = Base; path = Base.lproj/LaunchScreen.storyboard; sourceTree = "<group>"; };
		FBD75C5A241B6F8800A3F553 /* Info.plist */ = {isa = PBXFileReference; lastKnownFileType = text.plist.xml; path = Info.plist; sourceTree = "<group>"; };
		FBD75C5F241B6F8800A3F553 /* SwiftCoordinatorTests.xctest */ = {isa = PBXFileReference; explicitFileType = wrapper.cfbundle; includeInIndex = 0; path = SwiftCoordinatorTests.xctest; sourceTree = BUILT_PRODUCTS_DIR; };
		FBD75C63241B6F8800A3F553 /* SwiftCoordinatorTests.swift */ = {isa = PBXFileReference; lastKnownFileType = sourcecode.swift; path = SwiftCoordinatorTests.swift; sourceTree = "<group>"; };
		FBD75C65241B6F8800A3F553 /* Info.plist */ = {isa = PBXFileReference; lastKnownFileType = text.plist.xml; path = Info.plist; sourceTree = "<group>"; };
/* End PBXFileReference section */

/* Begin PBXFrameworksBuildPhase section */
		FBD75C46241B6F8600A3F553 /* Frameworks */ = {
			isa = PBXFrameworksBuildPhase;
			buildActionMask = 2147483647;
			files = (
			);
			runOnlyForDeploymentPostprocessing = 0;
		};
		FBD75C5C241B6F8800A3F553 /* Frameworks */ = {
			isa = PBXFrameworksBuildPhase;
			buildActionMask = 2147483647;
			files = (
			);
			runOnlyForDeploymentPostprocessing = 0;
		};
/* End PBXFrameworksBuildPhase section */

/* Begin PBXGroup section */
		FBD75C40241B6F8600A3F553 = {
			isa = PBXGroup;
			children = (
				FBD75C4B241B6F8600A3F553 /* SwiftCoordinator */,
				FBD75C62241B6F8800A3F553 /* SwiftCoordinatorTests */,
				FBD75C4A241B6F8600A3F553 /* Products */,
			);
			sourceTree = "<group>";
		};
		FBD75C4A241B6F8600A3F553 /* Products */ = {
			isa = PBXGroup;
			children = (
				FBD75C49241B6F8600A3F553 /* SwiftCoordinator.app */,
				FBD75C5F241B6F8800A3F553 /* SwiftCoordinatorTests.xctest */,
			);
			name = Products;
			sourceTree = "<group>";
		};
		FBD75C4B241B6F8600A3F553 /* SwiftCoordinator */ = {
			isa = PBXGroup;
			children = (
				FBD75C4C241B6F8600A3F553 /* AppDelegate.swift */,
				FBD75C4E241B6F8600A3F553 /* SceneDelegate.swift */,
				FBD75C50241B6F8600A3F553 /* ViewController.swift */,
				FBD75C52241B6F8600A3F553 /* Main.storyboard */,
				FBD75C55241B6F8800A3F553 /* Assets.xcassets */,
				FBD75C57241B6F8800A3F553 /* LaunchScreen.storyboard */,
				FBD75C5A241B6F8800A3F553 /* Info.plist */,
			);
			path = SwiftCoordinator;
			sourceTree = "<group>";
		};
		FBD75C62241B6F8800A3F553 /* SwiftCoordinatorTests */ = {
			isa = PBXGroup;
			children = (
				FBD75C63241B6F8800A3F553 /* SwiftCoordinatorTests.swift */,
				FBD75C65241B6F8800A3F553 /* Info.plist */,
			);
			path = SwiftCoordinatorTests;
			sourceTree = "<group>";
		};
/* End PBXGroup section */

/* Begin PBXNativeTarget section */
		FBD75C48241B6F8600A3F553 /* SwiftCoordinator */ = {
			isa = PBXNativeTarget;
			buildConfigurationList = FBD75C68241B6F8800A3F553 /* Build configuration list for PBXNativeTarget "SwiftCoordinator" */;
			buildPhases = (
				FBD75C45241B6F8600A3F553 /* Sources */,
				FBD75C46241B6F8600A3F553 /* Frameworks */,
				FBD75C47241B6F8600A3F553 /* Resources */,
			);
			buildRules = (
			);
			dependencies = (
			);
			name = SwiftCoordinator;
			productName = SwiftCoordinator;
			productReference = FBD75C49241B6F8600A3F553 /* SwiftCoordinator.app */;
			productType = "com.apple.product-type.application";
		};
		FBD75C5E241B6F8800A3F553 /* SwiftCoordinatorTests */ = {
			isa = PBXNativeTarget;
			buildConfigurationList = FBD75C6B241B6F8800A3F553 /* Build configuration list for PBXNativeTarget "SwiftCoordinatorTests" */;
			buildPhases = (
				FBD75C5B241B6F8800A3F553 /* Sources */,
				FBD75C5C241B6F8800A3F553 /* Frameworks */,
				FBD75C5D241B6F8800A3F553 /* Resources */,
			);
			buildRules = (
			);
			dependencies = (
				FBD75C61241B6F8800A3F553 /* PBXTargetDependency */,
			);
			name = SwiftCoordinatorTests;
			productName = SwiftCoordinatorTests;
			productReference = FBD75C5F241B6F8800A3F553 /* SwiftCoordinatorTests.xctest */;
			productType = "com.apple.product-type.bundle.unit-test";
		};
/* End PBXNativeTarget section */

/* Begin PBXProject section */
		FBD75C41241B6F8600A3F553 /* Project object */ = {
			isa = PBXProject;
			attributes = {
				LastSwiftUpdateCheck = 1120;
				LastUpgradeCheck = 1120;
				ORGANIZATIONNAME = Endtry;
				TargetAttributes = {
					FBD75C48241B6F8600A3F553 = {
						CreatedOnToolsVersion = 11.2.1;
					};
					FBD75C5E241B6F8800A3F553 = {
						CreatedOnToolsVersion = 11.2.1;
						TestTargetID = FBD75C48241B6F8600A3F553;
					};
				};
			};
			buildConfigurationList = FBD75C44241B6F8600A3F553 /* Build configuration list for PBXProject "SwiftCoordinator" */;
			compatibilityVersion = "Xcode 9.3";
			developmentRegion = en;
			hasScannedForEncodings = 0;
			knownRegions = (
				en,
				Base,
			);
			mainGroup = FBD75C40241B6F8600A3F553;
			productRefGroup = FBD75C4A241B6F8600A3F553 /* Products */;
			projectDirPath = "";
			projectRoot = "";
			targets = (
				FBD75C48241B6F8600A3F553 /* SwiftCoordinator */,
				FBD75C5E241B6F8800A3F553 /* SwiftCoordinatorTests */,
			);
		};
/* End PBXProject section */

/* Begin PBXResourcesBuildPhase section */
		FBD75C47241B6F8600A3F553 /* Resources */ = {
			isa = PBXResourcesBuildPhase;
			buildActionMask = 2147483647;
			files = (
				FBD75C59241B6F8800A3F553 /* LaunchScreen.storyboard in Resources */,
				FBD75C56241B6F8800A3F553 /* Assets.xcassets in Resources */,
				FBD75C54241B6F8600A3F553 /* Main.storyboard in Resources */,
			);
			runOnlyForDeploymentPostprocessing = 0;
		};
		FBD75C5D241B6F8800A3F553 /* Resources */ = {
			isa = PBXResourcesBuildPhase;
			buildActionMask = 2147483647;
			files = (
			);
			runOnlyForDeploymentPostprocessing = 0;
		};
/* End PBXResourcesBuildPhase section */

/* Begin PBXSourcesBuildPhase section */
		FBD75C45241B6F8600A3F553 /* Sources */ = {
			isa = PBXSourcesBuildPhase;
			buildActionMask = 2147483647;
			files = (
				FBD75C51241B6F8600A3F553 /* ViewController.swift in Sources */,
				FBD75C4D241B6F8600A3F553 /* AppDelegate.swift in Sources */,
				FBD75C4F241B6F8600A3F553 /* SceneDelegate.swift in Sources */,
			);
			runOnlyForDeploymentPostprocessing = 0;
		};
		FBD75C5B241B6F8800A3F553 /* Sources */ = {
			isa = PBXSourcesBuildPhase;
			buildActionMask = 2147483647;
			files = (
				FBD75C64241B6F8800A3F553 /* SwiftCoordinatorTests.swift in Sources */,
			);
			runOnlyForDeploymentPostprocessing = 0;
		};
/* End PBXSourcesBuildPhase section */

/* Begin PBXTargetDependency section */
		FBD75C61241B6F8800A3F553 /* PBXTargetDependency */ = {
			isa = PBXTargetDependency;
			target = FBD75C48241B6F8600A3F553 /* SwiftCoordinator */;
			targetProxy = FBD75C60241B6F8800A3F553 /* PBXContainerItemProxy */;
		};
/* End PBXTargetDependency section */

/* Begin PBXVariantGroup section */
		FBD75C52241B6F8600A3F553 /* Main.storyboard */ = {
			isa = PBXVariantGroup;
			children = (
				FBD75C53241B6F8600A3F553 /* Base */,
			);
			name = Main.storyboard;
			sourceTree = "<group>";
		};
		FBD75C57241B6F8800A3F553 /* LaunchScreen.storyboard */ = {
			isa = PBXVariantGroup;
			children = (
				FBD75C58241B6F8800A3F553 /* Base */,
			);
			name = LaunchScreen.storyboard;
			sourceTree = "<group>";
		};
/* End PBXVariantGroup section */

/* Begin XCBuildConfiguration section */
		FBD75C66241B6F8800A3F553 /* Debug */ = {
			isa = XCBuildConfiguration;
			buildSettings = {
				ALWAYS_SEARCH_USER_PATHS = NO;
				CLANG_ANALYZER_NONNULL = YES;
				CLANG_ANALYZER_NUMBER_OBJECT_CONVERSION = YES_AGGRESSIVE;
				CLANG_CXX_LANGUAGE_STANDARD = "gnu++14";
				CLANG_CXX_LIBRARY = "libc++";
				CLANG_ENABLE_MODULES = YES;
				CLANG_ENABLE_OBJC_ARC = YES;
				CLANG_ENABLE_OBJC_WEAK = YES;
				CLANG_WARN_BLOCK_CAPTURE_AUTORELEASING = YES;
				CLANG_WARN_BOOL_CONVERSION = YES;
				CLANG_WARN_COMMA = YES;
				CLANG_WARN_CONSTANT_CONVERSION = YES;
				CLANG_WARN_DEPRECATED_OBJC_IMPLEMENTATIONS = YES;
				CLANG_WARN_DIRECT_OBJC_ISA_USAGE = YES_ERROR;
				CLANG_WARN_DOCUMENTATION_COMMENTS = YES;
				CLANG_WARN_EMPTY_BODY = YES;
				CLANG_WARN_ENUM_CONVERSION = YES;
				CLANG_WARN_INFINITE_RECURSION = YES;
				CLANG_WARN_INT_CONVERSION = YES;
				CLANG_WARN_NON_LITERAL_NULL_CONVERSION = YES;
				CLANG_WARN_OBJC_IMPLICIT_RETAIN_SELF = YES;
				CLANG_WARN_OBJC_LITERAL_CONVERSION = YES;
				CLANG_WARN_OBJC_ROOT_CLASS = YES_ERROR;
				CLANG_WARN_RANGE_LOOP_ANALYSIS = YES;
				CLANG_WARN_STRICT_PROTOTYPES = YES;
				CLANG_WARN_SUSPICIOUS_MOVE = YES;
				CLANG_WARN_UNGUARDED_AVAILABILITY = YES_AGGRESSIVE;
				CLANG_WARN_UNREACHABLE_CODE = YES;
				CLANG_WARN__DUPLICATE_METHOD_MATCH = YES;
				COPY_PHASE_STRIP = NO;
				DEBUG_INFORMATION_FORMAT = dwarf;
				ENABLE_STRICT_OBJC_MSGSEND = YES;
				ENABLE_TESTABILITY = YES;
				GCC_C_LANGUAGE_STANDARD = gnu11;
				GCC_DYNAMIC_NO_PIC = NO;
				GCC_NO_COMMON_BLOCKS = YES;
				GCC_OPTIMIZATION_LEVEL = 0;
				GCC_PREPROCESSOR_DEFINITIONS = (
					"DEBUG=1",
					"$(inherited)",
				);
				GCC_WARN_64_TO_32_BIT_CONVERSION = YES;
				GCC_WARN_ABOUT_RETURN_TYPE = YES_ERROR;
				GCC_WARN_UNDECLARED_SELECTOR = YES;
				GCC_WARN_UNINITIALIZED_AUTOS = YES_AGGRESSIVE;
				GCC_WARN_UNUSED_FUNCTION = YES;
				GCC_WARN_UNUSED_VARIABLE = YES;
				IPHONEOS_DEPLOYMENT_TARGET = 13.2;
				MTL_ENABLE_DEBUG_INFO = INCLUDE_SOURCE;
				MTL_FAST_MATH = YES;
				ONLY_ACTIVE_ARCH = YES;
				SDKROOT = iphoneos;
				SWIFT_ACTIVE_COMPILATION_CONDITIONS = DEBUG;
				SWIFT_OPTIMIZATION_LEVEL = "-Onone";
			};
			name = Debug;
		};
		FBD75C67241B6F8800A3F553 /* Release */ = {
			isa = XCBuildConfiguration;
			buildSettings = {
				ALWAYS_SEARCH_USER_PATHS = NO;
				CLANG_ANALYZER_NONNULL = YES;
				CLANG_ANALYZER_NUMBER_OBJECT_CONVERSION = YES_AGGRESSIVE;
				CLANG_CXX_LANGUAGE_STANDARD = "gnu++14";
				CLANG_CXX_LIBRARY = "libc++";
				CLANG_ENABLE_MODULES = YES;
				CLANG_ENABLE_OBJC_ARC = YES;
				CLANG_ENABLE_OBJC_WEAK = YES;
				CLANG_WARN_BLOCK_CAPTURE_AUTORELEASING = YES;
				CLANG_WARN_BOOL_CONVERSION = YES;
				CLANG_WARN_COMMA = YES;
				CLANG_WARN_CONSTANT_CONVERSION = YES;
				CLANG_WARN_DEPRECATED_OBJC_IMPLEMENTATIONS = YES;
				CLANG_WARN_DIRECT_OBJC_ISA_USAGE = YES_ERROR;
				CLANG_WARN_DOCUMENTATION_COMMENTS = YES;
				CLANG_WARN_EMPTY_BODY = YES;
				CLANG_WARN_ENUM_CONVERSION = YES;
				CLANG_WARN_INFINITE_RECURSION = YES;
				CLANG_WARN_INT_CONVERSION = YES;
				CLANG_WARN_NON_LITERAL_NULL_CONVERSION = YES;
				CLANG_WARN_OBJC_IMPLICIT_RETAIN_SELF = YES;
				CLANG_WARN_OBJC_LITERAL_CONVERSION = YES;
				CLANG_WARN_OBJC_ROOT_CLASS = YES_ERROR;
				CLANG_WARN_RANGE_LOOP_ANALYSIS = YES;
				CLANG_WARN_STRICT_PROTOTYPES = YES;
				CLANG_WARN_SUSPICIOUS_MOVE = YES;
				CLANG_WARN_UNGUARDED_AVAILABILITY = YES_AGGRESSIVE;
				CLANG_WARN_UNREACHABLE_CODE = YES;
				CLANG_WARN__DUPLICATE_METHOD_MATCH = YES;
				COPY_PHASE_STRIP = NO;
				DEBUG_INFORMATION_FORMAT = "dwarf-with-dsym";
				ENABLE_NS_ASSERTIONS = NO;
				ENABLE_STRICT_OBJC_MSGSEND = YES;
				GCC_C_LANGUAGE_STANDARD = gnu11;
				GCC_NO_COMMON_BLOCKS = YES;
				GCC_WARN_64_TO_32_BIT_CONVERSION = YES;
				GCC_WARN_ABOUT_RETURN_TYPE = YES_ERROR;
				GCC_WARN_UNDECLARED_SELECTOR = YES;
				GCC_WARN_UNINITIALIZED_AUTOS = YES_AGGRESSIVE;
				GCC_WARN_UNUSED_FUNCTION = YES;
				GCC_WARN_UNUSED_VARIABLE = YES;
				IPHONEOS_DEPLOYMENT_TARGET = 13.2;
				MTL_ENABLE_DEBUG_INFO = NO;
				MTL_FAST_MATH = YES;
				SDKROOT = iphoneos;
				SWIFT_COMPILATION_MODE = wholemodule;
				SWIFT_OPTIMIZATION_LEVEL = "-O";
				VALIDATE_PRODUCT = YES;
			};
			name = Release;
		};
		FBD75C69241B6F8800A3F553 /* Debug */ = {
			isa = XCBuildConfiguration;
			buildSettings = {
				ASSETCATALOG_COMPILER_APPICON_NAME = AppIcon;
				CODE_SIGN_STYLE = Automatic;
				DEVELOPMENT_TEAM = 3ATXW43MG6;
				INFOPLIST_FILE = SwiftCoordinator/Info.plist;
				LD_RUNPATH_SEARCH_PATHS = (
					"$(inherited)",
					"@executable_path/Frameworks",
				);
				PRODUCT_BUNDLE_IDENTIFIER = com.prongbang.SwiftCoordinator;
				PRODUCT_NAME = "$(TARGET_NAME)";
				SWIFT_VERSION = 5.0;
				TARGETED_DEVICE_FAMILY = "1,2";
			};
			name = Debug;
		};
		FBD75C6A241B6F8800A3F553 /* Release */ = {
			isa = XCBuildConfiguration;
			buildSettings = {
				ASSETCATALOG_COMPILER_APPICON_NAME = AppIcon;
				CODE_SIGN_STYLE = Automatic;
				DEVELOPMENT_TEAM = 3ATXW43MG6;
				INFOPLIST_FILE = SwiftCoordinator/Info.plist;
				LD_RUNPATH_SEARCH_PATHS = (
					"$(inherited)",
					"@executable_path/Frameworks",
				);
				PRODUCT_BUNDLE_IDENTIFIER = com.prongbang.SwiftCoordinator;
				PRODUCT_NAME = "$(TARGET_NAME)";
				SWIFT_VERSION = 5.0;
				TARGETED_DEVICE_FAMILY = "1,2";
			};
			name = Release;
		};
		FBD75C6C241B6F8800A3F553 /* Debug */ = {
			isa = XCBuildConfiguration;
			buildSettings = {
				ALWAYS_EMBED_SWIFT_STANDARD_LIBRARIES = YES;
				BUNDLE_LOADER = "$(TEST_HOST)";
				CODE_SIGN_STYLE = Automatic;
				DEVELOPMENT_TEAM = 3ATXW43MG6;
				INFOPLIST_FILE = SwiftCoordinatorTests/Info.plist;
				IPHONEOS_DEPLOYMENT_TARGET = 13.2;
				LD_RUNPATH_SEARCH_PATHS = (
					"$(inherited)",
					"@executable_path/Frameworks",
					"@loader_path/Frameworks",
				);
				PRODUCT_BUNDLE_IDENTIFIER = com.prongbang.SwiftCoordinatorTests;
				PRODUCT_NAME = "$(TARGET_NAME)";
				SWIFT_VERSION = 5.0;
				TARGETED_DEVICE_FAMILY = "1,2";
				TEST_HOST = "$(BUILT_PRODUCTS_DIR)/SwiftCoordinator.app/SwiftCoordinator";
			};
			name = Debug;
		};
		FBD75C6D241B6F8800A3F553 /* Release */ = {
			isa = XCBuildConfiguration;
			buildSettings = {
				ALWAYS_EMBED_SWIFT_STANDARD_LIBRARIES = YES;
				BUNDLE_LOADER = "$(TEST_HOST)";
				CODE_SIGN_STYLE = Automatic;
				DEVELOPMENT_TEAM = 3ATXW43MG6;
				INFOPLIST_FILE = SwiftCoordinatorTests/Info.plist;
				IPHONEOS_DEPLOYMENT_TARGET = 13.2;
				LD_RUNPATH_SEARCH_PATHS = (
					"$(inherited)",
					"@executable_path/Frameworks",
					"@loader_path/Frameworks",
				);
				PRODUCT_BUNDLE_IDENTIFIER = com.prongbang.SwiftCoordinatorTests;
				PRODUCT_NAME = "$(TARGET_NAME)";
				SWIFT_VERSION = 5.0;
				TARGETED_DEVICE_FAMILY = "1,2";
				TEST_HOST = "$(BUILT_PRODUCTS_DIR)/SwiftCoordinator.app/SwiftCoordinator";
			};
			name = Release;
		};
/* End XCBuildConfiguration section */

/* Begin XCConfigurationList section */
		FBD75C44241B6F8600A3F553 /* Build configuration list for PBXProject "SwiftCoordinator" */ = {
			isa = XCConfigurationList;
			buildConfigurations = (
				FBD75C66241B6F8800A3F553 /* Debug */,
				FBD75C67241B6F8800A3F553 /* Release */,
			);
			defaultConfigurationIsVisible = 0;
			defaultConfigurationName = Release;
		};
		FBD75C68241B6F8800A3F553 /* Build configuration list for PBXNativeTarget "SwiftCoordinator" */ = {
			isa = XCConfigurationList;
			buildConfigurations = (
				FBD75C69241B6F8800A3F553 /* Debug */,
				FBD75C6A241B6F8800A3F553 /* Release */,
			);
			defaultConfigurationIsVisible = 0;
			defaultConfigurationName = Release;
		};
		FBD75C6B241B6F8800A3F553 /* Build configuration list for PBXNativeTarget "SwiftCoordinatorTests" */ = {
			isa = XCConfigurationList;
			buildConfigurations = (
				FBD75C6C241B6F8800A3F553 /* Debug */,
				FBD75C6D241B6F8800A3F553 /* Release */,
			);
			defaultConfigurationIsVisible = 0;
			defaultConfigurationName = Release;
		};
/* End XCConfigurationList section */
	};
	rootObject = FBD75C41241B6F8600A3F553 /* Project object */;
}
